Microsoft Visual Studio Solution File, Format Version 11.00
# Visual Studio 2008

Project("{9D489B2E-C968-29FA-EB78-B41C48556EF5}") = "UIA_Chapter_1", "Assembly-CSharp.csproj", "{B4986556-310C-2EE2-203A-6F7BEFECFBE3}"
EndProject
Global
	GlobalSection(SolutionConfigurationPlatforms) = preSolution
		Debug|Any CPU = Debug|Any CPU
		Release|Any CPU = Release|Any CPU
	EndGlobalSection
	GlobalSection(ProjectConfigurationPlatforms) = postSolution
		{B4986556-310C-2EE2-203A-6F7BEFECFBE3}.Debug|Any CPU.ActiveCfg = Debug|Any CPU
		{B4986556-310C-2EE2-203A-6F7BEFECFBE3}.Debug|Any CPU.Build.0 = Debug|Any CPU
		{B4986556-310C-2EE2-203A-6F7BEFECFBE3}.Release|Any CPU.ActiveCfg = Release|Any CPU
		{B4986556-310C-2EE2-203A-6F7BEFECFBE3}.Release|Any CPU.Build.0 = Release|Any CPU
	EndGlobalSection
	GlobalSection(SolutionProperties) = preSolution
		HideSolutionNode = FALSE
	EndGlobalSection
	GlobalSection(MonoDevelopProperties) = preSolution
		StartupItem = Assembly-CSharp.csproj
	EndGlobalSection
EndGlobal
